{
  "version": 4,
  "terraform_version": "1.6.6",
  "serial": 332,
  "lineage": "f677f8a2-2af7-f8f3-d6ec-7a6892418abc",
  "outputs": {},
  "resources": [
    {
      "module": "module.VM",
      "mode": "managed",
      "type": "azurerm_linux_virtual_machine",
      "name": "vm",
      "provider": "provider[\"registry.terraform.io/hashicorp/azurerm\"]",
      "instances": [
        {
          "schema_version": 0,
          "attributes": {
            "additional_capabilities": [],
            "admin_password": null,
            "admin_ssh_key": [
              {
                "public_key": "ssh-rsa AAAAB3NzaC1yc2EAAAADAQABAAABgQCofa9NQaibBeI3iHr3yNINKHhvmkKKg1bJMvw9GRqtawPaAptWUZBtIWO43jzMItQIlCv4mj0ppNVoGGHQiUqHBeeBJ42bkeTJxtq84N1uheEdxfN3mL/Ek9mjX/FI5ktiIJpfRhNp8wVF/YwuWaKL97g0AcuhdGDz5QtJNID/ZuoEEgsBVaZX753UGKxE2jjP/TVRI9ojq3vEggN7D9BB0NnpTDlHHH9b5nGklDTXlSuli568n51iHcwQ8HUMhEnUhxJ7EsJVUf6GaTirIt0+38pYU6T1/n1cBmpbJu/fGkqalS02yA8JClgNjnWQJark/HlC6QN2YHqn6cEBe3IBie4ueenlQGaJNADHCcASs8ppkz1x18hItAfh0cXmWlb0fXSMUov/iXXmkaTadnKIa/iA2T4OqqmmdEwlnrJbNDS4e7GoMJW3QdbgCcsvGp/VZFes/5KL0mnEeftH9/6fuDEL+hmJVc0KYkLbO6ALRpOIGOunfI/KeFtQEuus7zU= kunaldhiman@NTZ-LAP-010\n",
                "username": "adminuser"
              }
            ],
            "admin_username": "adminuser",
            "allow_extension_operations": true,
            "availability_set_id": "",
            "boot_diagnostics": [],
            "bypass_platform_safety_checks_on_user_schedule_enabled": false,
            "capacity_reservation_group_id": "",
            "computer_name": "app-server",
            "custom_data": null,
            "dedicated_host_group_id": "",
            "dedicated_host_id": "",
            "disable_password_authentication": true,
            "disk_controller_type": "",
            "edge_zone": "",
            "encryption_at_host_enabled": false,
            "eviction_policy": "",
            "extensions_time_budget": "PT1H30M",
            "gallery_application": [],
            "id": "/subscriptions/b6bc018a-adec-45c6-bf16-bd8a24b927ac/resourceGroups/gitops/providers/Microsoft.Compute/virtualMachines/app-server",
            "identity": [],
            "license_type": "",
            "location": "eastus2",
            "max_bid_price": -1,
            "name": "app-server",
            "network_interface_ids": [
              "/subscriptions/b6bc018a-adec-45c6-bf16-bd8a24b927ac/resourceGroups/gitops/providers/Microsoft.Network/networkInterfaces/app-server-network_interface"
            ],
            "os_disk": [
              {
                "caching": "ReadWrite",
                "diff_disk_settings": [],
                "disk_encryption_set_id": "",
                "disk_size_gb": 30,
                "name": "app-server_disk1_83eeaee2b329468ea5e5245342939d15",
                "secure_vm_disk_encryption_set_id": "",
                "security_encryption_type": "",
                "storage_account_type": "Standard_LRS",
                "write_accelerator_enabled": false
              }
            ],
            "os_image_notification": [],
            "patch_assessment_mode": "ImageDefault",
            "patch_mode": "ImageDefault",
            "plan": [],
            "platform_fault_domain": -1,
            "priority": "Regular",
            "private_ip_address": "10.0.2.4",
            "private_ip_addresses": [
              "10.0.2.4"
            ],
            "provision_vm_agent": true,
            "proximity_placement_group_id": "",
            "public_ip_address": "",
            "public_ip_addresses": [],
            "reboot_setting": "",
            "resource_group_name": "gitops",
            "secret": [],
            "secure_boot_enabled": false,
            "size": "Standard_F2",
            "source_image_id": "",
            "source_image_reference": [
              {
                "offer": "0001-com-ubuntu-server-jammy",
                "publisher": "Canonical",
                "sku": "22_04-lts",
                "version": "latest"
              }
            ],
            "tags": {},
            "termination_notification": [],
            "timeouts": null,
            "user_data": "",
            "virtual_machine_id": "1c120cb0-9810-4c1d-b9b4-f8fa1d461060",
            "virtual_machine_scale_set_id": "",
            "vm_agent_platform_updates_enabled": false,
            "vtpm_enabled": false,
            "zone": ""
          },
          "sensitive_attributes": [],
          "private": "eyJlMmJmYjczMC1lY2FhLTExZTYtOGY4OC0zNDM2M2JjN2M0YzAiOnsiY3JlYXRlIjoyNzAwMDAwMDAwMDAwLCJkZWxldGUiOjI3MDAwMDAwMDAwMDAsInJlYWQiOjMwMDAwMDAwMDAwMCwidXBkYXRlIjoyNzAwMDAwMDAwMDAwfX0=",
          "dependencies": [
            "module.VM.azurerm_network_interface.network_interface",
            "module.VM.azurerm_public_ip.publicip",
            "module.VM.azurerm_resource_group.resource_group",
            "module.VM.azurerm_subnet.subnet",
            "module.VM.azurerm_virtual_network.virtual_network"
          ]
        }
      ]
    },
    {
      "module": "module.VM",
      "mode": "managed",
      "type": "azurerm_network_interface",
      "name": "network_interface",
      "provider": "provider[\"registry.terraform.io/hashicorp/azurerm\"]",
      "instances": [
        {
          "schema_version": 0,
          "attributes": {
            "accelerated_networking_enabled": false,
            "applied_dns_servers": [],
            "auxiliary_mode": "",
            "auxiliary_sku": "",
            "dns_servers": [],
            "edge_zone": "",
            "enable_accelerated_networking": false,
            "enable_ip_forwarding": false,
            "id": "/subscriptions/b6bc018a-adec-45c6-bf16-bd8a24b927ac/resourceGroups/gitops/providers/Microsoft.Network/networkInterfaces/app-server-network_interface",
            "internal_dns_name_label": "",
            "internal_domain_name_suffix": "4s1sow1q2lye5oljgfdqhwpzxd.cx.internal.cloudapp.net",
            "ip_configuration": [
              {
                "gateway_load_balancer_frontend_ip_configuration_id": "",
                "name": "app-server-IP",
                "primary": true,
                "private_ip_address": "10.0.2.4",
                "private_ip_address_allocation": "Dynamic",
                "private_ip_address_version": "IPv4",
                "public_ip_address_id": "/subscriptions/b6bc018a-adec-45c6-bf16-bd8a24b927ac/resourceGroups/gitops/providers/Microsoft.Network/publicIPAddresses/publicip",
                "subnet_id": "/subscriptions/b6bc018a-adec-45c6-bf16-bd8a24b927ac/resourceGroups/gitops/providers/Microsoft.Network/virtualNetworks/app-server-network/subnets/app-server-subnet"
              }
            ],
            "ip_forwarding_enabled": false,
            "location": "eastus2",
            "mac_address": "60-45-BD-78-C5-A0",
            "name": "app-server-network_interface",
            "private_ip_address": "10.0.2.4",
            "private_ip_addresses": [
              "10.0.2.4"
            ],
            "resource_group_name": "gitops",
            "tags": {},
            "timeouts": null,
            "virtual_machine_id": "/subscriptions/b6bc018a-adec-45c6-bf16-bd8a24b927ac/resourceGroups/gitops/providers/Microsoft.Compute/virtualMachines/app-server"
          },
          "sensitive_attributes": [],
          "private": "eyJlMmJmYjczMC1lY2FhLTExZTYtOGY4OC0zNDM2M2JjN2M0YzAiOnsiY3JlYXRlIjoxODAwMDAwMDAwMDAwLCJkZWxldGUiOjE4MDAwMDAwMDAwMDAsInJlYWQiOjMwMDAwMDAwMDAwMCwidXBkYXRlIjoxODAwMDAwMDAwMDAwfX0=",
          "dependencies": [
            "module.VM.azurerm_public_ip.publicip",
            "module.VM.azurerm_resource_group.resource_group",
            "module.VM.azurerm_subnet.subnet",
            "module.VM.azurerm_virtual_network.virtual_network"
          ]
        }
      ]
    },
    {
      "module": "module.VM",
      "mode": "managed",
      "type": "azurerm_public_ip",
      "name": "publicip",
      "provider": "provider[\"registry.terraform.io/hashicorp/azurerm\"]",
      "instances": [
        {
          "schema_version": 0,
          "attributes": {
            "allocation_method": "Static",
            "ddos_protection_mode": "VirtualNetworkInherited",
            "ddos_protection_plan_id": null,
            "domain_name_label": null,
            "edge_zone": "",
            "fqdn": null,
            "id": "/subscriptions/b6bc018a-adec-45c6-bf16-bd8a24b927ac/resourceGroups/gitops/providers/Microsoft.Network/publicIPAddresses/publicip",
            "idle_timeout_in_minutes": 4,
            "ip_address": "172.200.102.156",
            "ip_tags": null,
            "ip_version": "IPv4",
            "location": "eastus2",
            "name": "publicip",
            "public_ip_prefix_id": null,
            "resource_group_name": "gitops",
            "reverse_fqdn": null,
            "sku": "Basic",
            "sku_tier": "Regional",
            "tags": null,
            "timeouts": null,
            "zones": null
          },
          "sensitive_attributes": [],
          "private": "eyJlMmJmYjczMC1lY2FhLTExZTYtOGY4OC0zNDM2M2JjN2M0YzAiOnsiY3JlYXRlIjoxODAwMDAwMDAwMDAwLCJkZWxldGUiOjE4MDAwMDAwMDAwMDAsInJlYWQiOjMwMDAwMDAwMDAwMCwidXBkYXRlIjoxODAwMDAwMDAwMDAwfX0="
        }
      ]
    },
    {
      "module": "module.VM",
      "mode": "managed",
      "type": "azurerm_resource_group",
      "name": "resource_group",
      "provider": "provider[\"registry.terraform.io/hashicorp/azurerm\"]",
      "instances": [
        {
          "schema_version": 0,
          "attributes": {
            "id": "/subscriptions/b6bc018a-adec-45c6-bf16-bd8a24b927ac/resourceGroups/gitops",
            "location": "eastus2",
            "managed_by": "",
            "name": "gitops",
            "tags": {
              "environment": "Production"
            },
            "timeouts": null
          },
          "sensitive_attributes": [],
          "private": "eyJlMmJmYjczMC1lY2FhLTExZTYtOGY4OC0zNDM2M2JjN2M0YzAiOnsiY3JlYXRlIjo1NDAwMDAwMDAwMDAwLCJkZWxldGUiOjU0MDAwMDAwMDAwMDAsInJlYWQiOjMwMDAwMDAwMDAwMCwidXBkYXRlIjo1NDAwMDAwMDAwMDAwfX0="
        }
      ]
    },
    {
      "module": "module.VM",
      "mode": "managed",
      "type": "azurerm_subnet",
      "name": "subnet",
      "provider": "provider[\"registry.terraform.io/hashicorp/azurerm\"]",
      "instances": [
        {
          "schema_version": 0,
          "attributes": {
            "address_prefixes": [
              "10.0.2.0/24"
            ],
            "default_outbound_access_enabled": true,
            "delegation": [],
            "enforce_private_link_endpoint_network_policies": false,
            "enforce_private_link_service_network_policies": false,
            "id": "/subscriptions/b6bc018a-adec-45c6-bf16-bd8a24b927ac/resourceGroups/gitops/providers/Microsoft.Network/virtualNetworks/app-server-network/subnets/app-server-subnet",
            "name": "app-server-subnet",
            "private_endpoint_network_policies": "Enabled",
            "private_endpoint_network_policies_enabled": true,
            "private_link_service_network_policies_enabled": true,
            "resource_group_name": "gitops",
            "service_endpoint_policy_ids": [],
            "service_endpoints": [],
            "timeouts": null,
            "virtual_network_name": "app-server-network"
          },
          "sensitive_attributes": [],
          "private": "eyJlMmJmYjczMC1lY2FhLTExZTYtOGY4OC0zNDM2M2JjN2M0YzAiOnsiY3JlYXRlIjoxODAwMDAwMDAwMDAwLCJkZWxldGUiOjE4MDAwMDAwMDAwMDAsInJlYWQiOjMwMDAwMDAwMDAwMCwidXBkYXRlIjoxODAwMDAwMDAwMDAwfX0=",
          "dependencies": [
            "module.VM.azurerm_resource_group.resource_group",
            "module.VM.azurerm_virtual_network.virtual_network"
          ]
        }
      ]
    },
    {
      "module": "module.VM",
      "mode": "managed",
      "type": "azurerm_virtual_network",
      "name": "virtual_network",
      "provider": "provider[\"registry.terraform.io/hashicorp/azurerm\"]",
      "instances": [
        {
          "schema_version": 0,
          "attributes": {
            "address_space": [
              "10.0.0.0/16"
            ],
            "bgp_community": "",
            "ddos_protection_plan": [],
            "dns_servers": [],
            "edge_zone": "",
            "encryption": [],
            "flow_timeout_in_minutes": 0,
            "guid": "5b27b7f4-e270-4ff0-b969-314703d9f9bb",
            "id": "/subscriptions/b6bc018a-adec-45c6-bf16-bd8a24b927ac/resourceGroups/gitops/providers/Microsoft.Network/virtualNetworks/app-server-network",
            "location": "eastus2",
            "name": "app-server-network",
            "resource_group_name": "gitops",
            "subnet": [
              {
                "address_prefix": "10.0.2.0/24",
                "id": "/subscriptions/b6bc018a-adec-45c6-bf16-bd8a24b927ac/resourceGroups/gitops/providers/Microsoft.Network/virtualNetworks/app-server-network/subnets/app-server-subnet",
                "name": "app-server-subnet",
                "security_group": ""
              }
            ],
            "tags": {},
            "timeouts": null
          },
          "sensitive_attributes": [],
          "private": "eyJlMmJmYjczMC1lY2FhLTExZTYtOGY4OC0zNDM2M2JjN2M0YzAiOnsiY3JlYXRlIjoxODAwMDAwMDAwMDAwLCJkZWxldGUiOjE4MDAwMDAwMDAwMDAsInJlYWQiOjMwMDAwMDAwMDAwMCwidXBkYXRlIjoxODAwMDAwMDAwMDAwfX0=",
          "dependencies": [
            "module.VM.azurerm_resource_group.resource_group"
          ]
        }
      ]
    }
  ],
  "check_results": null
}
